
Microsoft Visual Studio Solution File, Format Version 10.00
# Visual Studio 2008
Project("{FAE04EC0-301F-11D3-BF4B-00C04F79EFBC}") = "ImageMapFromSvg", "ImageMapFromSvg.csproj", "{4678E8E3-AB27-4474-A69A-298BFD3100E9}"
EndProject
Global
	GlobalSection(SolutionConfigurationPlatforms) = preSolution
		Debug|x86 = Debug|x86
		Release|x86 = Release|x86
	EndGlobalSection
	GlobalSection(ProjectConfigurationPlatforms) = postSolution
		{4678E8E3-AB27-4474-A69A-298BFD3100E9}.Debug|x86.ActiveCfg = Debug|x86
		{4678E8E3-AB27-4474-A69A-298BFD3100E9}.Debug|x86.Build.0 = Debug|x86
		{4678E8E3-AB27-4474-A69A-298BFD3100E9}.Release|x86.ActiveCfg = Release|x86
		{4678E8E3-AB27-4474-A69A-298BFD3100E9}.Release|x86.Build.0 = Release|x86
	EndGlobalSection
	GlobalSection(MonoDevelopProperties) = preSolution
		StartupItem = ImageMapFromSvg.csproj
	EndGlobalSection
EndGlobal
